
Microsoft Visual Studio Solution File, Format Version 11.00
# Visual Studio 2010
Project("{FAE04EC0-301F-11D3-BF4B-00C04F79EFBC}") = "Assembly-CSharp", "Assembly-CSharp.csproj", "{090E0413-FB4E-A8E7-26A3-18A272BAB0BF}"
EndProject
Global
	GlobalSection(SolutionConfigurationPlatforms) = preSolution
		Debug|Any CPU = Debug|Any CPU
		Release|Any CPU = Release|Any CPU
	EndGlobalSection
	GlobalSection(ProjectConfigurationPlatforms) = postSolution
		{090E0413-FB4E-A8E7-26A3-18A272BAB0BF}.Debug|Any CPU.ActiveCfg = Debug|Any CPU
		{090E0413-FB4E-A8E7-26A3-18A272BAB0BF}.Debug|Any CPU.Build.0 = Debug|Any CPU
		{090E0413-FB4E-A8E7-26A3-18A272BAB0BF}.Release|Any CPU.ActiveCfg = Release|Any CPU
		{090E0413-FB4E-A8E7-26A3-18A272BAB0BF}.Release|Any CPU.Build.0 = Release|Any CPU
	EndGlobalSection
	GlobalSection(SolutionProperties) = preSolution
		HideSolutionNode = FALSE
	EndGlobalSection
	GlobalSection(MonoDevelopProperties) = preSolution
		StartupItem = Assembly-CSharp.csproj
	EndGlobalSection
EndGlobal
